# THIS IS AN AUTOGENERATED FILE. DO NOT EDIT THIS FILE DIRECTLY.
# yarn lockfile v1


custom-electron-titlebar@^4.2.8:
  version "4.2.8"
  resolved "https://registry.yarnpkg.com/custom-electron-titlebar/-/custom-electron-titlebar-4.2.8.tgz#8b0d024cf372b10c9758cc512ca55498b69616da"
  integrity sha512-JEFiOKJdSZtMh90FO90FeEqCc463ZZhuh78JxILvO9Nc0H8I9MfKekgCf6jZH6xccd3/tm1OcYOoUJi3JbXR/w==
